
Microsoft Visual Studio Solution File, Format Version 12.00
# Visual Studio 2013
Project("{FAE04EC0-301F-11D3-BF4B-00C04F79EFBC}") = "UnityVS.FollowCam.CSharp", "UnityVS.FollowCam.CSharp.csproj", "{A702E760-B454-8A7F-D6F4-DD9753FBC016}"
EndProject
Project("{FAE04EC0-301F-11D3-BF4B-00C04F79EFBC}") = "UnityVS.FollowCam.CSharp.Editor", "UnityVS.FollowCam.CSharp.Editor.csproj", "{D6BB1A1A-18D1-1353-059B-37A63649F470}"
EndProject
Global
	GlobalSection(SolutionConfigurationPlatforms) = preSolution
		Debug|Any CPU = Debug|Any CPU
		Release|Any CPU = Release|Any CPU
	EndGlobalSection
	GlobalSection(ProjectConfigurationPlatforms) = postSolution
		{A702E760-B454-8A7F-D6F4-DD9753FBC016}.Debug|Any CPU.ActiveCfg = Debug|Any CPU
		{A702E760-B454-8A7F-D6F4-DD9753FBC016}.Debug|Any CPU.Build.0 = Debug|Any CPU
		{A702E760-B454-8A7F-D6F4-DD9753FBC016}.Release|Any CPU.ActiveCfg = Release|Any CPU
		{A702E760-B454-8A7F-D6F4-DD9753FBC016}.Release|Any CPU.Build.0 = Release|Any CPU
		{D6BB1A1A-18D1-1353-059B-37A63649F470}.Debug|Any CPU.ActiveCfg = Debug|Any CPU
		{D6BB1A1A-18D1-1353-059B-37A63649F470}.Debug|Any CPU.Build.0 = Debug|Any CPU
		{D6BB1A1A-18D1-1353-059B-37A63649F470}.Release|Any CPU.ActiveCfg = Release|Any CPU
		{D6BB1A1A-18D1-1353-059B-37A63649F470}.Release|Any CPU.Build.0 = Release|Any CPU
	EndGlobalSection
	GlobalSection(SolutionProperties) = preSolution
		HideSolutionNode = FALSE
	EndGlobalSection
EndGlobal
